SITE
  remote: http://community.opscode.com/api/v1
  specs:
    apt (1.4.4)
    build-essential (1.0.2)
    openssl (1.0.0)
    sudo (1.1.0)
    yum (0.6.2)

GIT
  remote: https://github.com/chef-developers/chef-flexget.git
  ref: master
  sha: a1284ebd4422a1db1caf8309a8ca53d610a84d74
  specs:
    flexget (1.0.0)
      python (>= 0.0.0)

GIT
  remote: https://github.com/chef-developers/cookbook-htpc.git
  ref: master
  sha: 4b5627fe3d091a34a80a796978322cd953d38710
  specs:
    htpc (0.0.1)
      apt (>= 0.0.0)

GIT
  remote: https://github.com/chef-developers/transmission.git
  ref: master
  sha: 5a911cf906665ad879078b447541bd6294d0a290
  specs:
    transmission (1.0.2)
      build-essential (>= 0.0.0)
      openssl (>= 0.0.0)

GIT
  remote: https://github.com/edelight/chef-solo-search.git
  ref: master
  sha: d56fbd5547cb08120ce38c3c75db61f4b103cbec
  specs:
    chef-solo-search (0.4.0)

GIT
  remote: https://github.com/fnichol/chef-user.git
  ref: master
  sha: e9e93720fcc930918ba7be856a12ece02b300d43
  specs:
    user (0.2.13)

GIT
  remote: https://github.com/heavywater/chef-bag_config
  ref: master
  sha: f7c9b9e60720ddc67794b988cf33126d24a488fd
  specs:
    bag_config (2.0.2)

GIT
  remote: https://github.com/opscode-cookbooks/python
  ref: master
  sha: 3d8dd96b457091b6ec12635ec3fef9e8d0a5f719
  specs:
    python (1.0.6)
      build-essential (>= 0.0.0)
      yum (>= 0.0.0)

DEPENDENCIES
  bag_config (>= 0)
  chef-solo-search (>= 0)
  flexget (>= 0)
  htpc (>= 0)
  python (>= 0)
  sudo (>= 0)
  transmission (>= 0)
  user (>= 0)

